github.com/Jeffar7/go-say-hello v1.5.0 h1:xJY+6e3TMJYEG4qsavgV4DnslUg377U+D0NCh6RzWgI=
github.com/Jeffar7/go-say-hello v1.5.0/go.mod h1:U4eFK+2gmMLBqcwop2CEmv/MP238jmwosuY8vxn6MBY=
github.com/Jeffar7/go-say-hello/v2 v2.0.0 h1:rG9wLdjE/Fqu90YyNPGSswD5C4nyNunaK9nw5m4n8h0=
github.com/Jeffar7/go-say-hello/v2 v2.0.0/go.mod h1:8h6qnJoG+86zczjN9CkfP4A9QXf88buAXq6DQrFn48o=
